
Microsoft Visual Studio Solution File, Format Version 12.00
# Visual Studio 15
VisualStudioVersion = 15.0.27130.2026
MinimumVisualStudioVersion = 10.0.40219.1
Project("{FAE04EC0-301F-11D3-BF4B-00C04F79EFBC}") = "Measurer4000.WPF", "Measurer4000\Measurer4000.WPF.csproj", "{EE311920-EEA9-4167-BD99-DA3E47E610F2}"
EndProject
Project("{FAE04EC0-301F-11D3-BF4B-00C04F79EFBC}") = "Measurer4000.mac", "Measurer4000.mac\Measurer4000.mac.csproj", "{9E52B23E-9D45-46CC-9968-CB873AD4672D}"
EndProject
Project("{FAE04EC0-301F-11D3-BF4B-00C04F79EFBC}") = "Measurer4000.Core", "Measurer4000.Core\Measurer4000.Core.csproj", "{67F9D3A8-F71E-4428-913F-C37AE82CDB24}"
EndProject
Project("{FAE04EC0-301F-11D3-BF4B-00C04F79EFBC}") = "Measurer4000.Console", "Measurer4000.Console\Measurer4000.Console.csproj", "{01FFC06E-FBF2-4822-AC69-A5DD4074F305}"
EndProject
Project("{2150E333-8FDC-42A3-9474-1A3956D46DE8}") = "Core", "Core", "{E9CB98E2-719E-4259-A440-347F97BADE49}"
EndProject
Project("{2150E333-8FDC-42A3-9474-1A3956D46DE8}") = "Platforms", "Platforms", "{8B13FAFF-A7A4-4734-BACB-44DB65B0CC22}"
EndProject
Global
	GlobalSection(SolutionConfigurationPlatforms) = preSolution
		Debug|Any CPU = Debug|Any CPU
		Release|Any CPU = Release|Any CPU
	EndGlobalSection
	GlobalSection(ProjectConfigurationPlatforms) = postSolution
		{EE311920-EEA9-4167-BD99-DA3E47E610F2}.Debug|Any CPU.ActiveCfg = Debug|Any CPU
		{EE311920-EEA9-4167-BD99-DA3E47E610F2}.Debug|Any CPU.Build.0 = Debug|Any CPU
		{EE311920-EEA9-4167-BD99-DA3E47E610F2}.Release|Any CPU.ActiveCfg = Release|Any CPU
		{EE311920-EEA9-4167-BD99-DA3E47E610F2}.Release|Any CPU.Build.0 = Release|Any CPU
		{9E52B23E-9D45-46CC-9968-CB873AD4672D}.Debug|Any CPU.ActiveCfg = Debug|Any CPU
		{9E52B23E-9D45-46CC-9968-CB873AD4672D}.Debug|Any CPU.Build.0 = Debug|Any CPU
		{9E52B23E-9D45-46CC-9968-CB873AD4672D}.Release|Any CPU.ActiveCfg = Release|Any CPU
		{9E52B23E-9D45-46CC-9968-CB873AD4672D}.Release|Any CPU.Build.0 = Release|Any CPU
		{67F9D3A8-F71E-4428-913F-C37AE82CDB24}.Debug|Any CPU.ActiveCfg = Debug|Any CPU
		{67F9D3A8-F71E-4428-913F-C37AE82CDB24}.Debug|Any CPU.Build.0 = Debug|Any CPU
		{67F9D3A8-F71E-4428-913F-C37AE82CDB24}.Release|Any CPU.ActiveCfg = Release|Any CPU
		{67F9D3A8-F71E-4428-913F-C37AE82CDB24}.Release|Any CPU.Build.0 = Release|Any CPU
		{01FFC06E-FBF2-4822-AC69-A5DD4074F305}.Debug|Any CPU.ActiveCfg = Debug|Any CPU
		{01FFC06E-FBF2-4822-AC69-A5DD4074F305}.Debug|Any CPU.Build.0 = Debug|Any CPU
		{01FFC06E-FBF2-4822-AC69-A5DD4074F305}.Release|Any CPU.ActiveCfg = Release|Any CPU
		{01FFC06E-FBF2-4822-AC69-A5DD4074F305}.Release|Any CPU.Build.0 = Release|Any CPU
	EndGlobalSection
	GlobalSection(SolutionProperties) = preSolution
		HideSolutionNode = FALSE
	EndGlobalSection
	GlobalSection(NestedProjects) = preSolution
		{EE311920-EEA9-4167-BD99-DA3E47E610F2} = {8B13FAFF-A7A4-4734-BACB-44DB65B0CC22}
		{9E52B23E-9D45-46CC-9968-CB873AD4672D} = {8B13FAFF-A7A4-4734-BACB-44DB65B0CC22}
		{67F9D3A8-F71E-4428-913F-C37AE82CDB24} = {E9CB98E2-719E-4259-A440-347F97BADE49}
		{01FFC06E-FBF2-4822-AC69-A5DD4074F305} = {8B13FAFF-A7A4-4734-BACB-44DB65B0CC22}
	EndGlobalSection
	GlobalSection(ExtensibilityGlobals) = postSolution
		SolutionGuid = {17C2BA11-EEA3-4BCC-A569-899C5E864F99}
	EndGlobalSection
EndGlobal
